Microsoft Visual Studio Solution File, Format Version 12.00
# Visual Studio Version 17
VisualStudioVersion = 17.5.2.0
MinimumVisualStudioVersion = 10.0.40219.1
Project("{FAE04EC0-301F-11D3-BF4B-00C04F79EFBC}") = "ZooManagmentApp", "ZooManagmentApp.csproj", "{61556100-820D-877E-9285-CD04284FABD8}"
EndProject
Global
	GlobalSection(SolutionConfigurationPlatforms) = preSolution
		Debug|Any CPU = Debug|Any CPU
		Release|Any CPU = Release|Any CPU
	EndGlobalSection
	GlobalSection(ProjectConfigurationPlatforms) = postSolution
		{61556100-820D-877E-9285-CD04284FABD8}.Debug|Any CPU.ActiveCfg = Debug|Any CPU
		{61556100-820D-877E-9285-CD04284FABD8}.Debug|Any CPU.Build.0 = Debug|Any CPU
		{61556100-820D-877E-9285-CD04284FABD8}.Release|Any CPU.ActiveCfg = Release|Any CPU
		{61556100-820D-877E-9285-CD04284FABD8}.Release|Any CPU.Build.0 = Release|Any CPU
	EndGlobalSection
	GlobalSection(SolutionProperties) = preSolution
		HideSolutionNode = FALSE
	EndGlobalSection
	GlobalSection(ExtensibilityGlobals) = postSolution
		SolutionGuid = {F2A5640B-3641-4C8E-8AB7-09002CF16EB1}
	EndGlobalSection
EndGlobal
